
Microsoft Visual Studio Solution File, Format Version 12.00
# Visual Studio 15
VisualStudioVersion = 15.0.27703.2042
MinimumVisualStudioVersion = 10.0.40219.1
Project("{FAE04EC0-301F-11D3-BF4B-00C04F79EFBC}") = "15_01_2019_ClassWork", "15_01_2019_ClassWork\15_01_2019_ClassWork.csproj", "{7C0A3141-E1A5-47BB-9B7A-A2F9212F45DA}"
EndProject
Project("{FAE04EC0-301F-11D3-BF4B-00C04F79EFBC}") = "15_01_2019_Pract_work", "15_01_2019_Pract_work\15_01_2019_Pract_work.csproj", "{2540CF80-8A38-4A88-A6C1-18B29F1A011A}"
EndProject
Global
	GlobalSection(SolutionConfigurationPlatforms) = preSolution
		Debug|Any CPU = Debug|Any CPU
		Release|Any CPU = Release|Any CPU
	EndGlobalSection
	GlobalSection(ProjectConfigurationPlatforms) = postSolution
		{7C0A3141-E1A5-47BB-9B7A-A2F9212F45DA}.Debug|Any CPU.ActiveCfg = Debug|Any CPU
		{7C0A3141-E1A5-47BB-9B7A-A2F9212F45DA}.Debug|Any CPU.Build.0 = Debug|Any CPU
		{7C0A3141-E1A5-47BB-9B7A-A2F9212F45DA}.Release|Any CPU.ActiveCfg = Release|Any CPU
		{7C0A3141-E1A5-47BB-9B7A-A2F9212F45DA}.Release|Any CPU.Build.0 = Release|Any CPU
		{2540CF80-8A38-4A88-A6C1-18B29F1A011A}.Debug|Any CPU.ActiveCfg = Debug|Any CPU
		{2540CF80-8A38-4A88-A6C1-18B29F1A011A}.Debug|Any CPU.Build.0 = Debug|Any CPU
		{2540CF80-8A38-4A88-A6C1-18B29F1A011A}.Release|Any CPU.ActiveCfg = Release|Any CPU
		{2540CF80-8A38-4A88-A6C1-18B29F1A011A}.Release|Any CPU.Build.0 = Release|Any CPU
	EndGlobalSection
	GlobalSection(SolutionProperties) = preSolution
		HideSolutionNode = FALSE
	EndGlobalSection
	GlobalSection(ExtensibilityGlobals) = postSolution
		SolutionGuid = {6DBA4F79-F91C-4E95-9150-0ED52BA0F9E8}
	EndGlobalSection
EndGlobal
